// !$*UTF8*$!
{
	archiveVersion = 1;
	classes = {
	};
	objectVersion = 56;
	objects = {

/* Begin PBXBuildFile section */
		1C4289252934AB1B00CD32A8 /* AppDelegate.swift in Sources */ = {isa = PBXBuildFile; fileRef = 1C4289242934AB1B00CD32A8 /* AppDelegate.swift */; };
		1C4289272934AB1B00CD32A8 /* SceneDelegate.swift in Sources */ = {isa = PBXBuildFile; fileRef = 1C4289262934AB1B00CD32A8 /* SceneDelegate.swift */; };
		1C4289292934AB1B00CD32A8 /* ViewController.swift in Sources */ = {isa = PBXBuildFile; fileRef = 1C4289282934AB1B00CD32A8 /* ViewController.swift */; };
		1C42892E2934AB1C00CD32A8 /* Assets.xcassets in Resources */ = {isa = PBXBuildFile; fileRef = 1C42892D2934AB1C00CD32A8 /* Assets.xcassets */; };
		1C4289312934AB1C00CD32A8 /* LaunchScreen.storyboard in Resources */ = {isa = PBXBuildFile; fileRef = 1C42892F2934AB1C00CD32A8 /* LaunchScreen.storyboard */; };
		1CB16E3B2935D93600D77308 /* Coordinator.swift in Sources */ = {isa = PBXBuildFile; fileRef = 1CB16E3A2935D93600D77308 /* Coordinator.swift */; };
		1CB16E3D2935D96D00D77308 /* MainCoordinator.swift in Sources */ = {isa = PBXBuildFile; fileRef = 1CB16E3C2935D96D00D77308 /* MainCoordinator.swift */; };
		1CB16E412935DB3E00D77308 /* PDPViewController.swift in Sources */ = {isa = PBXBuildFile; fileRef = 1CB16E402935DB3E00D77308 /* PDPViewController.swift */; };
		1CB16E432935DB6400D77308 /* PDPViewModel.swift in Sources */ = {isa = PBXBuildFile; fileRef = 1CB16E422935DB6400D77308 /* PDPViewModel.swift */; };
		1CB16E462935DC6E00D77308 /* MainPageViewController.swift in Sources */ = {isa = PBXBuildFile; fileRef = 1CB16E452935DC6E00D77308 /* MainPageViewController.swift */; };
		1CB16E492935DEF300D77308 /* HomeViewController.swift in Sources */ = {isa = PBXBuildFile; fileRef = 1CB16E482935DEF300D77308 /* HomeViewController.swift */; };
		1CB16E4B2935DF0E00D77308 /* ReciepeViewController.swift in Sources */ = {isa = PBXBuildFile; fileRef = 1CB16E4A2935DF0E00D77308 /* ReciepeViewController.swift */; };
		1CB16E4D2935DF2200D77308 /* HomeBarViewController.swift in Sources */ = {isa = PBXBuildFile; fileRef = 1CB16E4C2935DF2200D77308 /* HomeBarViewController.swift */; };
/* End PBXBuildFile section */

/* Begin PBXFileReference section */
		1C4289212934AB1B00CD32A8 /* HobbyStreetApp.app */ = {isa = PBXFileReference; explicitFileType = wrapper.application; includeInIndex = 0; path = HobbyStreetApp.app; sourceTree = BUILT_PRODUCTS_DIR; };
		1C4289242934AB1B00CD32A8 /* AppDelegate.swift */ = {isa = PBXFileReference; lastKnownFileType = sourcecode.swift; path = AppDelegate.swift; sourceTree = "<group>"; };
		1C4289262934AB1B00CD32A8 /* SceneDelegate.swift */ = {isa = PBXFileReference; lastKnownFileType = sourcecode.swift; path = SceneDelegate.swift; sourceTree = "<group>"; };
		1C4289282934AB1B00CD32A8 /* ViewController.swift */ = {isa = PBXFileReference; lastKnownFileType = sourcecode.swift; path = ViewController.swift; sourceTree = "<group>"; };
		1C42892D2934AB1C00CD32A8 /* Assets.xcassets */ = {isa = PBXFileReference; lastKnownFileType = folder.assetcatalog; path = Assets.xcassets; sourceTree = "<group>"; };
		1C4289302934AB1C00CD32A8 /* Base */ = {isa = PBXFileReference; lastKnownFileType = file.storyboard; name = Base; path = Base.lproj/LaunchScreen.storyboard; sourceTree = "<group>"; };
		1C4289322934AB1C00CD32A8 /* Info.plist */ = {isa = PBXFileReference; lastKnownFileType = text.plist.xml; path = Info.plist; sourceTree = "<group>"; };
		1CB16E3A2935D93600D77308 /* Coordinator.swift */ = {isa = PBXFileReference; lastKnownFileType = sourcecode.swift; path = Coordinator.swift; sourceTree = "<group>"; };
		1CB16E3C2935D96D00D77308 /* MainCoordinator.swift */ = {isa = PBXFileReference; lastKnownFileType = sourcecode.swift; path = MainCoordinator.swift; sourceTree = "<group>"; };
		1CB16E402935DB3E00D77308 /* PDPViewController.swift */ = {isa = PBXFileReference; lastKnownFileType = sourcecode.swift; path = PDPViewController.swift; sourceTree = "<group>"; };
		1CB16E422935DB6400D77308 /* PDPViewModel.swift */ = {isa = PBXFileReference; lastKnownFileType = sourcecode.swift; path = PDPViewModel.swift; sourceTree = "<group>"; };
		1CB16E452935DC6E00D77308 /* MainPageViewController.swift */ = {isa = PBXFileReference; lastKnownFileType = sourcecode.swift; path = MainPageViewController.swift; sourceTree = "<group>"; };
		1CB16E482935DEF300D77308 /* HomeViewController.swift */ = {isa = PBXFileReference; lastKnownFileType = sourcecode.swift; path = HomeViewController.swift; sourceTree = "<group>"; };
		1CB16E4A2935DF0E00D77308 /* ReciepeViewController.swift */ = {isa = PBXFileReference; lastKnownFileType = sourcecode.swift; path = ReciepeViewController.swift; sourceTree = "<group>"; };
		1CB16E4C2935DF2200D77308 /* HomeBarViewController.swift */ = {isa = PBXFileReference; lastKnownFileType = sourcecode.swift; path = HomeBarViewController.swift; sourceTree = "<group>"; };
/* End PBXFileReference section */

/* Begin PBXFrameworksBuildPhase section */
		1C42891E2934AB1B00CD32A8 /* Frameworks */ = {
			isa = PBXFrameworksBuildPhase;
			buildActionMask = 2147483647;
			files = (
			);
			runOnlyForDeploymentPostprocessing = 0;
		};
/* End PBXFrameworksBuildPhase section */

/* Begin PBXGroup section */
		1C4289182934AB1B00CD32A8 = {
			isa = PBXGroup;
			children = (
				1C4289232934AB1B00CD32A8 /* HobbyStreetApp */,
				1C4289222934AB1B00CD32A8 /* Products */,
			);
			sourceTree = "<group>";
		};
		1C4289222934AB1B00CD32A8 /* Products */ = {
			isa = PBXGroup;
			children = (
				1C4289212934AB1B00CD32A8 /* HobbyStreetApp.app */,
			);
			name = Products;
			sourceTree = "<group>";
		};
		1C4289232934AB1B00CD32A8 /* HobbyStreetApp */ = {
			isa = PBXGroup;
			children = (
				1C4289382934CA5100CD32A8 /* Extension */,
				1C42893A2934CA7100CD32A8 /* Application */,
				1C4289392934CA5D00CD32A8 /* Resource */,
				1C42893B2934CA9C00CD32A8 /* Data */,
				1C42893C2934CAB100CD32A8 /* Domain */,
				1C42893D2934CABB00CD32A8 /* Presentation */,
				1C4289282934AB1B00CD32A8 /* ViewController.swift */,
			);
			path = HobbyStreetApp;
			sourceTree = "<group>";
		};
		1C4289382934CA5100CD32A8 /* Extension */ = {
			isa = PBXGroup;
			children = (
				1C4289322934AB1C00CD32A8 /* Info.plist */,
			);
			path = Extension;
			sourceTree = "<group>";
		};
		1C4289392934CA5D00CD32A8 /* Resource */ = {
			isa = PBXGroup;
			children = (
				1C42892F2934AB1C00CD32A8 /* LaunchScreen.storyboard */,
				1C42892D2934AB1C00CD32A8 /* Assets.xcassets */,
			);
			path = Resource;
			sourceTree = "<group>";
		};
		1C42893A2934CA7100CD32A8 /* Application */ = {
			isa = PBXGroup;
			children = (
				1C4289242934AB1B00CD32A8 /* AppDelegate.swift */,
				1C4289262934AB1B00CD32A8 /* SceneDelegate.swift */,
			);
			path = Application;
			sourceTree = "<group>";
		};
		1C42893B2934CA9C00CD32A8 /* Data */ = {
			isa = PBXGroup;
			children = (
				1C42893E2934CAEA00CD32A8 /* Repository */,
			);
			path = Data;
			sourceTree = "<group>";
		};
		1C42893C2934CAB100CD32A8 /* Domain */ = {
			isa = PBXGroup;
			children = (
				1C42893F2934CAF300CD32A8 /* Entity */,
				1C4289402934CAF800CD32A8 /* Usecase */,
			);
			path = Domain;
			sourceTree = "<group>";
		};
		1C42893D2934CABB00CD32A8 /* Presentation */ = {
			isa = PBXGroup;
			children = (
				1CB16E442935DC6000D77308 /* MainPage */,
				1C4289422934CB0D00CD32A8 /* ProductDetailPage */,
				1C4289412934CB0600CD32A8 /* Flow */,
			);
			path = Presentation;
			sourceTree = "<group>";
		};
		1C42893E2934CAEA00CD32A8 /* Repository */ = {
			isa = PBXGroup;
			children = (
			);
			path = Repository;
			sourceTree = "<group>";
		};
		1C42893F2934CAF300CD32A8 /* Entity */ = {
			isa = PBXGroup;
			children = (
			);
			path = Entity;
			sourceTree = "<group>";
		};
		1C4289402934CAF800CD32A8 /* Usecase */ = {
			isa = PBXGroup;
			children = (
			);
			path = Usecase;
			sourceTree = "<group>";
		};
		1C4289412934CB0600CD32A8 /* Flow */ = {
			isa = PBXGroup;
			children = (
				1CB16E3A2935D93600D77308 /* Coordinator.swift */,
				1CB16E3C2935D96D00D77308 /* MainCoordinator.swift */,
			);
			path = Flow;
			sourceTree = "<group>";
		};
		1C4289422934CB0D00CD32A8 /* ProductDetailPage */ = {
			isa = PBXGroup;
			children = (
				1CB16E402935DB3E00D77308 /* PDPViewController.swift */,
				1CB16E422935DB6400D77308 /* PDPViewModel.swift */,
			);
			path = ProductDetailPage;
			sourceTree = "<group>";
		};
		1CB16E442935DC6000D77308 /* MainPage */ = {
			isa = PBXGroup;
			children = (
				1CB16E472935DECE00D77308 /* Core */,
				1CB16E452935DC6E00D77308 /* MainPageViewController.swift */,
			);
			path = MainPage;
			sourceTree = "<group>";
		};
		1CB16E472935DECE00D77308 /* Core */ = {
			isa = PBXGroup;
			children = (
				1CB16E482935DEF300D77308 /* HomeViewController.swift */,
				1CB16E4A2935DF0E00D77308 /* ReciepeViewController.swift */,
				1CB16E4C2935DF2200D77308 /* HomeBarViewController.swift */,
			);
			path = Core;
			sourceTree = "<group>";
		};
/* End PBXGroup section */

/* Begin PBXNativeTarget section */
		1C4289202934AB1B00CD32A8 /* HobbyStreetApp */ = {
			isa = PBXNativeTarget;
			buildConfigurationList = 1C4289352934AB1C00CD32A8 /* Build configuration list for PBXNativeTarget "HobbyStreetApp" */;
			buildPhases = (
				1C42891D2934AB1B00CD32A8 /* Sources */,
				1C42891E2934AB1B00CD32A8 /* Frameworks */,
				1C42891F2934AB1B00CD32A8 /* Resources */,
			);
			buildRules = (
			);
			dependencies = (
			);
			name = HobbyStreetApp;
			productName = HobbyStreetApp;
			productReference = 1C4289212934AB1B00CD32A8 /* HobbyStreetApp.app */;
			productType = "com.apple.product-type.application";
		};
/* End PBXNativeTarget section */

/* Begin PBXProject section */
		1C4289192934AB1B00CD32A8 /* Project object */ = {
			isa = PBXProject;
			attributes = {
				BuildIndependentTargetsInParallel = 1;
				LastSwiftUpdateCheck = 1400;
				LastUpgradeCheck = 1400;
				TargetAttributes = {
					1C4289202934AB1B00CD32A8 = {
						CreatedOnToolsVersion = 14.0.1;
					};
				};
			};
			buildConfigurationList = 1C42891C2934AB1B00CD32A8 /* Build configuration list for PBXProject "HobbyStreetApp" */;
			compatibilityVersion = "Xcode 14.0";
			developmentRegion = en;
			hasScannedForEncodings = 0;
			knownRegions = (
				en,
				Base,
			);
			mainGroup = 1C4289182934AB1B00CD32A8;
			productRefGroup = 1C4289222934AB1B00CD32A8 /* Products */;
			projectDirPath = "";
			projectRoot = "";
			targets = (
				1C4289202934AB1B00CD32A8 /* HobbyStreetApp */,
			);
		};
/* End PBXProject section */

/* Begin PBXResourcesBuildPhase section */
		1C42891F2934AB1B00CD32A8 /* Resources */ = {
			isa = PBXResourcesBuildPhase;
			buildActionMask = 2147483647;
			files = (
				1C4289312934AB1C00CD32A8 /* LaunchScreen.storyboard in Resources */,
				1C42892E2934AB1C00CD32A8 /* Assets.xcassets in Resources */,
			);
			runOnlyForDeploymentPostprocessing = 0;
		};
/* End PBXResourcesBuildPhase section */

/* Begin PBXSourcesBuildPhase section */
		1C42891D2934AB1B00CD32A8 /* Sources */ = {
			isa = PBXSourcesBuildPhase;
			buildActionMask = 2147483647;
			files = (
				1CB16E4B2935DF0E00D77308 /* ReciepeViewController.swift in Sources */,
				1CB16E462935DC6E00D77308 /* MainPageViewController.swift in Sources */,
				1CB16E3B2935D93600D77308 /* Coordinator.swift in Sources */,
				1CB16E412935DB3E00D77308 /* PDPViewController.swift in Sources */,
				1C4289292934AB1B00CD32A8 /* ViewController.swift in Sources */,
				1CB16E4D2935DF2200D77308 /* HomeBarViewController.swift in Sources */,
				1CB16E432935DB6400D77308 /* PDPViewModel.swift in Sources */,
				1CB16E492935DEF300D77308 /* HomeViewController.swift in Sources */,
				1C4289252934AB1B00CD32A8 /* AppDelegate.swift in Sources */,
				1CB16E3D2935D96D00D77308 /* MainCoordinator.swift in Sources */,
				1C4289272934AB1B00CD32A8 /* SceneDelegate.swift in Sources */,
			);
			runOnlyForDeploymentPostprocessing = 0;
		};
/* End PBXSourcesBuildPhase section */

/* Begin PBXVariantGroup section */
		1C42892F2934AB1C00CD32A8 /* LaunchScreen.storyboard */ = {
			isa = PBXVariantGroup;
			children = (
				1C4289302934AB1C00CD32A8 /* Base */,
			);
			name = LaunchScreen.storyboard;
			sourceTree = "<group>";
		};
/* End PBXVariantGroup section */

/* Begin XCBuildConfiguration section */
		1C4289332934AB1C00CD32A8 /* Debug */ = {
			isa = XCBuildConfiguration;
			buildSettings = {
				ALWAYS_SEARCH_USER_PATHS = NO;
				CLANG_ANALYZER_NONNULL = YES;
				CLANG_ANALYZER_NUMBER_OBJECT_CONVERSION = YES_AGGRESSIVE;
				CLANG_CXX_LANGUAGE_STANDARD = "gnu++20";
				CLANG_ENABLE_MODULES = YES;
				CLANG_ENABLE_OBJC_ARC = YES;
				CLANG_ENABLE_OBJC_WEAK = YES;
				CLANG_WARN_BLOCK_CAPTURE_AUTORELEASING = YES;
				CLANG_WARN_BOOL_CONVERSION = YES;
				CLANG_WARN_COMMA = YES;
				CLANG_WARN_CONSTANT_CONVERSION = YES;
				CLANG_WARN_DEPRECATED_OBJC_IMPLEMENTATIONS = YES;
				CLANG_WARN_DIRECT_OBJC_ISA_USAGE = YES_ERROR;
				CLANG_WARN_DOCUMENTATION_COMMENTS = YES;
				CLANG_WARN_EMPTY_BODY = YES;
				CLANG_WARN_ENUM_CONVERSION = YES;
				CLANG_WARN_INFINITE_RECURSION = YES;
				CLANG_WARN_INT_CONVERSION = YES;
				CLANG_WARN_NON_LITERAL_NULL_CONVERSION = YES;
				CLANG_WARN_OBJC_IMPLICIT_RETAIN_SELF = YES;
				CLANG_WARN_OBJC_LITERAL_CONVERSION = YES;
				CLANG_WARN_OBJC_ROOT_CLASS = YES_ERROR;
				CLANG_WARN_QUOTED_INCLUDE_IN_FRAMEWORK_HEADER = YES;
				CLANG_WARN_RANGE_LOOP_ANALYSIS = YES;
				CLANG_WARN_STRICT_PROTOTYPES = YES;
				CLANG_WARN_SUSPICIOUS_MOVE = YES;
				CLANG_WARN_UNGUARDED_AVAILABILITY = YES_AGGRESSIVE;
				CLANG_WARN_UNREACHABLE_CODE = YES;
				CLANG_WARN__DUPLICATE_METHOD_MATCH = YES;
				COPY_PHASE_STRIP = NO;
				DEBUG_INFORMATION_FORMAT = dwarf;
				ENABLE_STRICT_OBJC_MSGSEND = YES;
				ENABLE_TESTABILITY = YES;
				GCC_C_LANGUAGE_STANDARD = gnu11;
				GCC_DYNAMIC_NO_PIC = NO;
				GCC_NO_COMMON_BLOCKS = YES;
				GCC_OPTIMIZATION_LEVEL = 0;
				GCC_PREPROCESSOR_DEFINITIONS = (
					"DEBUG=1",
					"$(inherited)",
				);
				GCC_WARN_64_TO_32_BIT_CONVERSION = YES;
				GCC_WARN_ABOUT_RETURN_TYPE = YES_ERROR;
				GCC_WARN_UNDECLARED_SELECTOR = YES;
				GCC_WARN_UNINITIALIZED_AUTOS = YES_AGGRESSIVE;
				GCC_WARN_UNUSED_FUNCTION = YES;
				GCC_WARN_UNUSED_VARIABLE = YES;
				IPHONEOS_DEPLOYMENT_TARGET = 16.0;
				MTL_ENABLE_DEBUG_INFO = INCLUDE_SOURCE;
				MTL_FAST_MATH = YES;
				ONLY_ACTIVE_ARCH = YES;
				SDKROOT = iphoneos;
				SWIFT_ACTIVE_COMPILATION_CONDITIONS = DEBUG;
				SWIFT_OPTIMIZATION_LEVEL = "-Onone";
			};
			name = Debug;
		};
		1C4289342934AB1C00CD32A8 /* Release */ = {
			isa = XCBuildConfiguration;
			buildSettings = {
				ALWAYS_SEARCH_USER_PATHS = NO;
				CLANG_ANALYZER_NONNULL = YES;
				CLANG_ANALYZER_NUMBER_OBJECT_CONVERSION = YES_AGGRESSIVE;
				CLANG_CXX_LANGUAGE_STANDARD = "gnu++20";
				CLANG_ENABLE_MODULES = YES;
				CLANG_ENABLE_OBJC_ARC = YES;
				CLANG_ENABLE_OBJC_WEAK = YES;
				CLANG_WARN_BLOCK_CAPTURE_AUTORELEASING = YES;
				CLANG_WARN_BOOL_CONVERSION = YES;
				CLANG_WARN_COMMA = YES;
				CLANG_WARN_CONSTANT_CONVERSION = YES;
				CLANG_WARN_DEPRECATED_OBJC_IMPLEMENTATIONS = YES;
				CLANG_WARN_DIRECT_OBJC_ISA_USAGE = YES_ERROR;
				CLANG_WARN_DOCUMENTATION_COMMENTS = YES;
				CLANG_WARN_EMPTY_BODY = YES;
				CLANG_WARN_ENUM_CONVERSION = YES;
				CLANG_WARN_INFINITE_RECURSION = YES;
				CLANG_WARN_INT_CONVERSION = YES;
				CLANG_WARN_NON_LITERAL_NULL_CONVERSION = YES;
				CLANG_WARN_OBJC_IMPLICIT_RETAIN_SELF = YES;
				CLANG_WARN_OBJC_LITERAL_CONVERSION = YES;
				CLANG_WARN_OBJC_ROOT_CLASS = YES_ERROR;
				CLANG_WARN_QUOTED_INCLUDE_IN_FRAMEWORK_HEADER = YES;
				CLANG_WARN_RANGE_LOOP_ANALYSIS = YES;
				CLANG_WARN_STRICT_PROTOTYPES = YES;
				CLANG_WARN_SUSPICIOUS_MOVE = YES;
				CLANG_WARN_UNGUARDED_AVAILABILITY = YES_AGGRESSIVE;
				CLANG_WARN_UNREACHABLE_CODE = YES;
				CLANG_WARN__DUPLICATE_METHOD_MATCH = YES;
				COPY_PHASE_STRIP = NO;
				DEBUG_INFORMATION_FORMAT = "dwarf-with-dsym";
				ENABLE_NS_ASSERTIONS = NO;
				ENABLE_STRICT_OBJC_MSGSEND = YES;
				GCC_C_LANGUAGE_STANDARD = gnu11;
				GCC_NO_COMMON_BLOCKS = YES;
				GCC_WARN_64_TO_32_BIT_CONVERSION = YES;
				GCC_WARN_ABOUT_RETURN_TYPE = YES_ERROR;
				GCC_WARN_UNDECLARED_SELECTOR = YES;
				GCC_WARN_UNINITIALIZED_AUTOS = YES_AGGRESSIVE;
				GCC_WARN_UNUSED_FUNCTION = YES;
				GCC_WARN_UNUSED_VARIABLE = YES;
				IPHONEOS_DEPLOYMENT_TARGET = 16.0;
				MTL_ENABLE_DEBUG_INFO = NO;
				MTL_FAST_MATH = YES;
				SDKROOT = iphoneos;
				SWIFT_COMPILATION_MODE = wholemodule;
				SWIFT_OPTIMIZATION_LEVEL = "-O";
				VALIDATE_PRODUCT = YES;
			};
			name = Release;
		};
		1C4289362934AB1C00CD32A8 /* Debug */ = {
			isa = XCBuildConfiguration;
			buildSettings = {
				ASSETCATALOG_COMPILER_APPICON_NAME = AppIcon;
				ASSETCATALOG_COMPILER_GLOBAL_ACCENT_COLOR_NAME = AccentColor;
				CODE_SIGN_STYLE = Automatic;
				CURRENT_PROJECT_VERSION = 1;
				DEVELOPMENT_TEAM = W33V23332B;
				GENERATE_INFOPLIST_FILE = YES;
				INFOPLIST_FILE = HobbyStreetApp/Info.plist;
				INFOPLIST_KEY_UIApplicationSupportsIndirectInputEvents = YES;
				INFOPLIST_KEY_UILaunchStoryboardName = LaunchScreen;
				INFOPLIST_KEY_UISupportedInterfaceOrientations_iPad = "UIInterfaceOrientationPortrait UIInterfaceOrientationPortraitUpsideDown UIInterfaceOrientationLandscapeLeft UIInterfaceOrientationLandscapeRight";
				INFOPLIST_KEY_UISupportedInterfaceOrientations_iPhone = "UIInterfaceOrientationPortrait UIInterfaceOrientationLandscapeLeft UIInterfaceOrientationLandscapeRight";
				LD_RUNPATH_SEARCH_PATHS = (
					"$(inherited)",
					"@executable_path/Frameworks",
				);
				MARKETING_VERSION = 1.0;
				PRODUCT_BUNDLE_IDENTIFIER = sjkim.HobbyStreetApp;
				PRODUCT_NAME = "$(TARGET_NAME)";
				SWIFT_EMIT_LOC_STRINGS = YES;
				SWIFT_VERSION = 5.0;
				TARGETED_DEVICE_FAMILY = "1,2";
			};
			name = Debug;
		};
		1C4289372934AB1C00CD32A8 /* Release */ = {
			isa = XCBuildConfiguration;
			buildSettings = {
				ASSETCATALOG_COMPILER_APPICON_NAME = AppIcon;
				ASSETCATALOG_COMPILER_GLOBAL_ACCENT_COLOR_NAME = AccentColor;
				CODE_SIGN_STYLE = Automatic;
				CURRENT_PROJECT_VERSION = 1;
				DEVELOPMENT_TEAM = W33V23332B;
				GENERATE_INFOPLIST_FILE = YES;
				INFOPLIST_FILE = HobbyStreetApp/Info.plist;
				INFOPLIST_KEY_UIApplicationSupportsIndirectInputEvents = YES;
				INFOPLIST_KEY_UILaunchStoryboardName = LaunchScreen;
				INFOPLIST_KEY_UISupportedInterfaceOrientations_iPad = "UIInterfaceOrientationPortrait UIInterfaceOrientationPortraitUpsideDown UIInterfaceOrientationLandscapeLeft UIInterfaceOrientationLandscapeRight";
				INFOPLIST_KEY_UISupportedInterfaceOrientations_iPhone = "UIInterfaceOrientationPortrait UIInterfaceOrientationLandscapeLeft UIInterfaceOrientationLandscapeRight";
				LD_RUNPATH_SEARCH_PATHS = (
					"$(inherited)",
					"@executable_path/Frameworks",
				);
				MARKETING_VERSION = 1.0;
				PRODUCT_BUNDLE_IDENTIFIER = sjkim.HobbyStreetApp;
				PRODUCT_NAME = "$(TARGET_NAME)";
				SWIFT_EMIT_LOC_STRINGS = YES;
				SWIFT_VERSION = 5.0;
				TARGETED_DEVICE_FAMILY = "1,2";
			};
			name = Release;
		};
/* End XCBuildConfiguration section */

/* Begin XCConfigurationList section */
		1C42891C2934AB1B00CD32A8 /* Build configuration list for PBXProject "HobbyStreetApp" */ = {
			isa = XCConfigurationList;
			buildConfigurations = (
				1C4289332934AB1C00CD32A8 /* Debug */,
				1C4289342934AB1C00CD32A8 /* Release */,
			);
			defaultConfigurationIsVisible = 0;
			defaultConfigurationName = Release;
		};
		1C4289352934AB1C00CD32A8 /* Build configuration list for PBXNativeTarget "HobbyStreetApp" */ = {
			isa = XCConfigurationList;
			buildConfigurations = (
				1C4289362934AB1C00CD32A8 /* Debug */,
				1C4289372934AB1C00CD32A8 /* Release */,
			);
			defaultConfigurationIsVisible = 0;
			defaultConfigurationName = Release;
		};
/* End XCConfigurationList section */
	};
	rootObject = 1C4289192934AB1B00CD32A8 /* Project object */;
}
